
Microsoft Visual Studio Solution File, Format Version 12.00
# Visual Studio Version 17
VisualStudioVersion = 17.14.36221.1 d17.14
MinimumVisualStudioVersion = 10.0.40219.1
Project("{FAE04EC0-301F-11D3-BF4B-00C04F79EFBC}") = "TuringMachinesAPI", "src\TuringMachinesAPI.csproj", "{6179AF4C-F436-4328-9E10-F86668C20DAB}"
EndProject
Global
	GlobalSection(SolutionConfigurationPlatforms) = preSolution
		Debug|Any CPU = Debug|Any CPU
		Release|Any CPU = Release|Any CPU
	EndGlobalSection
	GlobalSection(ProjectConfigurationPlatforms) = postSolution
		{6179AF4C-F436-4328-9E10-F86668C20DAB}.Debug|Any CPU.ActiveCfg = Debug|Any CPU
		{6179AF4C-F436-4328-9E10-F86668C20DAB}.Debug|Any CPU.Build.0 = Debug|Any CPU
		{6179AF4C-F436-4328-9E10-F86668C20DAB}.Release|Any CPU.ActiveCfg = Release|Any CPU
		{6179AF4C-F436-4328-9E10-F86668C20DAB}.Release|Any CPU.Build.0 = Release|Any CPU
	EndGlobalSection
	GlobalSection(SolutionProperties) = preSolution
		HideSolutionNode = FALSE
	EndGlobalSection
	GlobalSection(ExtensibilityGlobals) = postSolution
		SolutionGuid = {F34F0858-B232-47E0-B42A-B6687929AC40}
	EndGlobalSection
EndGlobal
